
Microsoft Visual Studio Solution File, Format Version 12.00
# Visual Studio Version 17
VisualStudioVersion = 17.4.33213.308
MinimumVisualStudioVersion = 10.0.40219.1
Project("{FAE04EC0-301F-11D3-BF4B-00C04F79EFBC}") = "WebAPI", "WebAPI\WebAPI.csproj", "{BE4B91BA-7525-4A6B-93DD-EFAED6061EAD}"
EndProject
Global
	GlobalSection(SolutionConfigurationPlatforms) = preSolution
		Debug|Any CPU = Debug|Any CPU
		Release|Any CPU = Release|Any CPU
	EndGlobalSection
	GlobalSection(ProjectConfigurationPlatforms) = postSolution
		{BE4B91BA-7525-4A6B-93DD-EFAED6061EAD}.Debug|Any CPU.ActiveCfg = Debug|Any CPU
		{BE4B91BA-7525-4A6B-93DD-EFAED6061EAD}.Debug|Any CPU.Build.0 = Debug|Any CPU
		{BE4B91BA-7525-4A6B-93DD-EFAED6061EAD}.Release|Any CPU.ActiveCfg = Release|Any CPU
		{BE4B91BA-7525-4A6B-93DD-EFAED6061EAD}.Release|Any CPU.Build.0 = Release|Any CPU
	EndGlobalSection
	GlobalSection(SolutionProperties) = preSolution
		HideSolutionNode = FALSE
	EndGlobalSection
	GlobalSection(ExtensibilityGlobals) = postSolution
		SolutionGuid = {18887BC0-D6B4-4F04-9ADD-7EA78B2BA749}
	EndGlobalSection
EndGlobal
